
Microsoft Visual Studio Solution File, Format Version 12.00
# Visual Studio Version 16
VisualStudioVersion = 16.0.30611.23
MinimumVisualStudioVersion = 10.0.40219.1
Project("{FAE04EC0-301F-11D3-BF4B-00C04F79EFBC}") = "Scala.Oefening01.Wpf", "Scala.Oefening01.Wpf\Scala.Oefening01.Wpf.csproj", "{D2A2D522-F049-47D8-B86A-99AD8E7E8ABD}"
EndProject
Global
	GlobalSection(SolutionConfigurationPlatforms) = preSolution
		Debug|Any CPU = Debug|Any CPU
		Release|Any CPU = Release|Any CPU
	EndGlobalSection
	GlobalSection(ProjectConfigurationPlatforms) = postSolution
		{D2A2D522-F049-47D8-B86A-99AD8E7E8ABD}.Debug|Any CPU.ActiveCfg = Debug|Any CPU
		{D2A2D522-F049-47D8-B86A-99AD8E7E8ABD}.Debug|Any CPU.Build.0 = Debug|Any CPU
		{D2A2D522-F049-47D8-B86A-99AD8E7E8ABD}.Release|Any CPU.ActiveCfg = Release|Any CPU
		{D2A2D522-F049-47D8-B86A-99AD8E7E8ABD}.Release|Any CPU.Build.0 = Release|Any CPU
	EndGlobalSection
	GlobalSection(SolutionProperties) = preSolution
		HideSolutionNode = FALSE
	EndGlobalSection
	GlobalSection(ExtensibilityGlobals) = postSolution
		SolutionGuid = {94613C10-05BB-48BC-8F39-76ABF0A8D733}
	EndGlobalSection
EndGlobal
